
Microsoft Visual Studio Solution File, Format Version 12.00
# Visual Studio 15
VisualStudioVersion = 15.0.28307.539
MinimumVisualStudioVersion = 10.0.40219.1
Project("{E24C65DC-7377-472B-9ABA-BC803B73C61A}") = "LoveApp", ".", "{8BA1F767-7E44-43A0-A153-D40B39BAA07C}"
	ProjectSection(WebsiteProperties) = preProject
		TargetFrameworkMoniker = ".NETFramework,Version%3Dv4.0"
		Debug.AspNetCompiler.VirtualPath = "/localhost_49173"
		Debug.AspNetCompiler.PhysicalPath = "F:\LoveApp\"
		Debug.AspNetCompiler.TargetPath = "PrecompiledWeb\localhost_49173\"
		Debug.AspNetCompiler.Updateable = "true"
		Debug.AspNetCompiler.ForceOverwrite = "true"
		Debug.AspNetCompiler.FixedNames = "false"
		Debug.AspNetCompiler.Debug = "True"
		Release.AspNetCompiler.VirtualPath = "/localhost_49173"
		Release.AspNetCompiler.PhysicalPath = "F:\LoveApp\"
		Release.AspNetCompiler.TargetPath = "PrecompiledWeb\localhost_49173\"
		Release.AspNetCompiler.Updateable = "true"
		Release.AspNetCompiler.ForceOverwrite = "true"
		Release.AspNetCompiler.FixedNames = "false"
		Release.AspNetCompiler.Debug = "False"
		VWDPort = "49173"
	EndProjectSection
EndProject
Global
	GlobalSection(SolutionConfigurationPlatforms) = preSolution
		Debug|Any CPU = Debug|Any CPU
	EndGlobalSection
	GlobalSection(ProjectConfigurationPlatforms) = postSolution
		{8BA1F767-7E44-43A0-A153-D40B39BAA07C}.Debug|Any CPU.ActiveCfg = Debug|Any CPU
		{8BA1F767-7E44-43A0-A153-D40B39BAA07C}.Debug|Any CPU.Build.0 = Debug|Any CPU
	EndGlobalSection
	GlobalSection(SolutionProperties) = preSolution
		HideSolutionNode = FALSE
	EndGlobalSection
	GlobalSection(ExtensibilityGlobals) = postSolution
		SolutionGuid = {D4AFC9DF-22B9-47AA-A025-FBE5D4169A75}
	EndGlobalSection
EndGlobal
